{
  "name": "codex-bilingual-reader-for-zotero",
  "version": "1.5.0-beta.1",
  "lockfileVersion": 3,
  "requires": true,
  "packages": {
    "": {
      "name": "codex-bilingual-reader-for-zotero",
      "version": "1.5.0-beta.1",
      "license": "MIT",
      "engines": {
        "node": ">=20"
      }
    }
  }
}
